
Microsoft Visual Studio Solution File, Format Version 12.00
# Visual Studio Version 17
VisualStudioVersion = 17.4.33403.182
MinimumVisualStudioVersion = 10.0.40219.1
Project("{9A19103F-16F7-4668-BE54-9A1E7A4F7556}") = "CoreWeb.Api", "CoreWeb.Api.csproj", "{8FBA03D1-6525-4594-AB1A-E88C1A1A2769}"
EndProject
Project("{9A19103F-16F7-4668-BE54-9A1E7A4F7556}") = "CoreWeb.App", "..\CoreWeb.App\CoreWeb.App.csproj", "{59FF98BE-F571-46BB-8744-4F9537D9F835}"
	ProjectSection(ProjectDependencies) = postProject
		{F55114CA-1B00-4D7B-90DF-0D2BBAE9920A} = {F55114CA-1B00-4D7B-90DF-0D2BBAE9920A}
	EndProjectSection
EndProject
Project("{9A19103F-16F7-4668-BE54-9A1E7A4F7556}") = "CoreWeb.Core", "..\CoreWeb.Core\CoreWeb.Core.csproj", "{F55114CA-1B00-4D7B-90DF-0D2BBAE9920A}"
EndProject
Project("{9A19103F-16F7-4668-BE54-9A1E7A4F7556}") = "CoreWeb.Interface", "..\CoreWeb.Interface\CoreWeb.Interface.csproj", "{208B6723-F950-4F56-8A88-553274B5421A}"
EndProject
Project("{9A19103F-16F7-4668-BE54-9A1E7A4F7556}") = "CoreWeb.Data", "..\CoreWeb.Data\CoreWeb.Data.csproj", "{7605D4D8-032E-482B-BB00-E6E3EAE5B787}"
EndProject
Global
	GlobalSection(SolutionConfigurationPlatforms) = preSolution
		Debug|Any CPU = Debug|Any CPU
		Release|Any CPU = Release|Any CPU
	EndGlobalSection
	GlobalSection(ProjectConfigurationPlatforms) = postSolution
		{8FBA03D1-6525-4594-AB1A-E88C1A1A2769}.Debug|Any CPU.ActiveCfg = Debug|Any CPU
		{8FBA03D1-6525-4594-AB1A-E88C1A1A2769}.Debug|Any CPU.Build.0 = Debug|Any CPU
		{8FBA03D1-6525-4594-AB1A-E88C1A1A2769}.Release|Any CPU.ActiveCfg = Release|Any CPU
		{8FBA03D1-6525-4594-AB1A-E88C1A1A2769}.Release|Any CPU.Build.0 = Release|Any CPU
		{59FF98BE-F571-46BB-8744-4F9537D9F835}.Debug|Any CPU.ActiveCfg = Debug|Any CPU
		{59FF98BE-F571-46BB-8744-4F9537D9F835}.Debug|Any CPU.Build.0 = Debug|Any CPU
		{59FF98BE-F571-46BB-8744-4F9537D9F835}.Release|Any CPU.ActiveCfg = Release|Any CPU
		{59FF98BE-F571-46BB-8744-4F9537D9F835}.Release|Any CPU.Build.0 = Release|Any CPU
		{F55114CA-1B00-4D7B-90DF-0D2BBAE9920A}.Debug|Any CPU.ActiveCfg = Debug|Any CPU
		{F55114CA-1B00-4D7B-90DF-0D2BBAE9920A}.Debug|Any CPU.Build.0 = Debug|Any CPU
		{F55114CA-1B00-4D7B-90DF-0D2BBAE9920A}.Release|Any CPU.ActiveCfg = Release|Any CPU
		{F55114CA-1B00-4D7B-90DF-0D2BBAE9920A}.Release|Any CPU.Build.0 = Release|Any CPU
		{208B6723-F950-4F56-8A88-553274B5421A}.Debug|Any CPU.ActiveCfg = Debug|Any CPU
		{208B6723-F950-4F56-8A88-553274B5421A}.Debug|Any CPU.Build.0 = Debug|Any CPU
		{208B6723-F950-4F56-8A88-553274B5421A}.Release|Any CPU.ActiveCfg = Release|Any CPU
		{208B6723-F950-4F56-8A88-553274B5421A}.Release|Any CPU.Build.0 = Release|Any CPU
		{7605D4D8-032E-482B-BB00-E6E3EAE5B787}.Debug|Any CPU.ActiveCfg = Debug|Any CPU
		{7605D4D8-032E-482B-BB00-E6E3EAE5B787}.Debug|Any CPU.Build.0 = Debug|Any CPU
		{7605D4D8-032E-482B-BB00-E6E3EAE5B787}.Release|Any CPU.ActiveCfg = Release|Any CPU
		{7605D4D8-032E-482B-BB00-E6E3EAE5B787}.Release|Any CPU.Build.0 = Release|Any CPU
	EndGlobalSection
	GlobalSection(SolutionProperties) = preSolution
		HideSolutionNode = FALSE
	EndGlobalSection
	GlobalSection(ExtensibilityGlobals) = postSolution
		SolutionGuid = {50FCFE01-41D3-423C-B6B1-0363297EE2CA}
	EndGlobalSection
EndGlobal
